
Microsoft Visual Studio Solution File, Format Version 12.00
# Visual Studio 14
VisualStudioVersion = 14.0.24720.0
MinimumVisualStudioVersion = 10.0.40219.1
Project("{FAE04EC0-301F-11D3-BF4B-00C04F79EFBC}") = "GroboTrace", "GroboTrace\GroboTrace.csproj", "{721F6C9C-8718-4848-B568-5904F860044D}"
EndProject
Project("{FAE04EC0-301F-11D3-BF4B-00C04F79EFBC}") = "Tests", "Tests\Tests.csproj", "{23854843-A385-4299-8D52-3E567CECB004}"
EndProject
Project("{8BC9CEB8-8B4A-11D0-8D11-00A0C91BC942}") = "ClrProfiler", "ClrProfiler\ClrProfiler.vcxproj", "{91B6272F-5780-4C94-8071-DBBA7B4F67F3}"
EndProject
Project("{FAE04EC0-301F-11D3-BF4B-00C04F79EFBC}") = "Benchmarks", "Benchmarks\Benchmarks.csproj", "{01B6FA51-51A9-49D6-A9FC-0B3CC1202BEF}"
EndProject
Global
	GlobalSection(SolutionConfigurationPlatforms) = preSolution
		Debug|Any CPU = Debug|Any CPU
		Debug|x64 = Debug|x64
		Debug|x86 = Debug|x86
		Release|Any CPU = Release|Any CPU
		Release|x64 = Release|x64
		Release|x86 = Release|x86
	EndGlobalSection
	GlobalSection(ProjectConfigurationPlatforms) = postSolution
		{721F6C9C-8718-4848-B568-5904F860044D}.Debug|Any CPU.ActiveCfg = Debug|Any CPU
		{721F6C9C-8718-4848-B568-5904F860044D}.Debug|Any CPU.Build.0 = Debug|Any CPU
		{721F6C9C-8718-4848-B568-5904F860044D}.Debug|x64.ActiveCfg = Debug|Any CPU
		{721F6C9C-8718-4848-B568-5904F860044D}.Debug|x64.Build.0 = Debug|Any CPU
		{721F6C9C-8718-4848-B568-5904F860044D}.Debug|x86.ActiveCfg = Debug|Any CPU
		{721F6C9C-8718-4848-B568-5904F860044D}.Debug|x86.Build.0 = Debug|Any CPU
		{721F6C9C-8718-4848-B568-5904F860044D}.Release|Any CPU.ActiveCfg = Release|Any CPU
		{721F6C9C-8718-4848-B568-5904F860044D}.Release|Any CPU.Build.0 = Release|Any CPU
		{721F6C9C-8718-4848-B568-5904F860044D}.Release|x64.ActiveCfg = Release|Any CPU
		{721F6C9C-8718-4848-B568-5904F860044D}.Release|x64.Build.0 = Release|Any CPU
		{721F6C9C-8718-4848-B568-5904F860044D}.Release|x86.ActiveCfg = Release|Any CPU
		{721F6C9C-8718-4848-B568-5904F860044D}.Release|x86.Build.0 = Release|Any CPU
		{23854843-A385-4299-8D52-3E567CECB004}.Debug|Any CPU.ActiveCfg = Debug|Any CPU
		{23854843-A385-4299-8D52-3E567CECB004}.Debug|Any CPU.Build.0 = Debug|Any CPU
		{23854843-A385-4299-8D52-3E567CECB004}.Debug|x64.ActiveCfg = Debug|Any CPU
		{23854843-A385-4299-8D52-3E567CECB004}.Debug|x64.Build.0 = Debug|Any CPU
		{23854843-A385-4299-8D52-3E567CECB004}.Debug|x86.ActiveCfg = Debug|Any CPU
		{23854843-A385-4299-8D52-3E567CECB004}.Debug|x86.Build.0 = Debug|Any CPU
		{23854843-A385-4299-8D52-3E567CECB004}.Release|Any CPU.ActiveCfg = Release|Any CPU
		{23854843-A385-4299-8D52-3E567CECB004}.Release|Any CPU.Build.0 = Release|Any CPU
		{23854843-A385-4299-8D52-3E567CECB004}.Release|x64.ActiveCfg = Release|Any CPU
		{23854843-A385-4299-8D52-3E567CECB004}.Release|x64.Build.0 = Release|Any CPU
		{23854843-A385-4299-8D52-3E567CECB004}.Release|x86.ActiveCfg = Release|Any CPU
		{23854843-A385-4299-8D52-3E567CECB004}.Release|x86.Build.0 = Release|Any CPU
		{91B6272F-5780-4C94-8071-DBBA7B4F67F3}.Debug|Any CPU.ActiveCfg = Debug|x64
		{91B6272F-5780-4C94-8071-DBBA7B4F67F3}.Debug|Any CPU.Build.0 = Debug|x64
		{91B6272F-5780-4C94-8071-DBBA7B4F67F3}.Debug|x64.ActiveCfg = Debug|x64
		{91B6272F-5780-4C94-8071-DBBA7B4F67F3}.Debug|x64.Build.0 = Debug|x64
		{91B6272F-5780-4C94-8071-DBBA7B4F67F3}.Debug|x86.ActiveCfg = Debug|Win32
		{91B6272F-5780-4C94-8071-DBBA7B4F67F3}.Debug|x86.Build.0 = Debug|Win32
		{91B6272F-5780-4C94-8071-DBBA7B4F67F3}.Release|Any CPU.ActiveCfg = Release|x64
		{91B6272F-5780-4C94-8071-DBBA7B4F67F3}.Release|Any CPU.Build.0 = Release|x64
		{91B6272F-5780-4C94-8071-DBBA7B4F67F3}.Release|x64.ActiveCfg = Release|x64
		{91B6272F-5780-4C94-8071-DBBA7B4F67F3}.Release|x64.Build.0 = Release|x64
		{91B6272F-5780-4C94-8071-DBBA7B4F67F3}.Release|x86.ActiveCfg = Release|Win32
		{91B6272F-5780-4C94-8071-DBBA7B4F67F3}.Release|x86.Build.0 = Release|Win32
		{01B6FA51-51A9-49D6-A9FC-0B3CC1202BEF}.Debug|Any CPU.ActiveCfg = Debug|Any CPU
		{01B6FA51-51A9-49D6-A9FC-0B3CC1202BEF}.Debug|Any CPU.Build.0 = Debug|Any CPU
		{01B6FA51-51A9-49D6-A9FC-0B3CC1202BEF}.Debug|x64.ActiveCfg = Debug|Any CPU
		{01B6FA51-51A9-49D6-A9FC-0B3CC1202BEF}.Debug|x64.Build.0 = Debug|Any CPU
		{01B6FA51-51A9-49D6-A9FC-0B3CC1202BEF}.Debug|x86.ActiveCfg = Debug|Any CPU
		{01B6FA51-51A9-49D6-A9FC-0B3CC1202BEF}.Debug|x86.Build.0 = Debug|Any CPU
		{01B6FA51-51A9-49D6-A9FC-0B3CC1202BEF}.Release|Any CPU.ActiveCfg = Release|Any CPU
		{01B6FA51-51A9-49D6-A9FC-0B3CC1202BEF}.Release|Any CPU.Build.0 = Release|Any CPU
		{01B6FA51-51A9-49D6-A9FC-0B3CC1202BEF}.Release|x64.ActiveCfg = Release|Any CPU
		{01B6FA51-51A9-49D6-A9FC-0B3CC1202BEF}.Release|x64.Build.0 = Release|Any CPU
		{01B6FA51-51A9-49D6-A9FC-0B3CC1202BEF}.Release|x86.ActiveCfg = Release|Any CPU
		{01B6FA51-51A9-49D6-A9FC-0B3CC1202BEF}.Release|x86.Build.0 = Release|Any CPU
	EndGlobalSection
	GlobalSection(SolutionProperties) = preSolution
		HideSolutionNode = FALSE
	EndGlobalSection
EndGlobal
